{
  "nodes": {
    "crane": {
      "locked": {
        "lastModified": 1741481578,
        "narHash": "sha256-JBTSyJFQdO3V8cgcL08VaBUByEU6P5kXbTJN6R0PFQo=",
        "owner": "ipetkov",
        "repo": "crane",
        "rev": "bb1c9567c43e4434f54e9481eb4b8e8e0d50f0b5",
        "type": "github"
      },
      "original": {
        "owner": "ipetkov",
        "repo": "crane",
        "type": "github"
      }
    },
    "devshell": {
      "inputs": {
        "nixpkgs": [
          "nixpkgs"
        ]
      },
      "locked": {
        "lastModified": 1741473158,
        "narHash": "sha256-kWNaq6wQUbUMlPgw8Y+9/9wP0F8SHkjy24/mN3UAppg=",
        "owner": "numtide",
        "repo": "devshell",
        "rev": "7c9e793ebe66bcba8292989a68c0419b737a22a0",
        "type": "github"
      },
      "original": {
        "owner": "numtide",
        "repo": "devshell",
        "type": "github"
      }
    },
    "flake-compat": {
      "flake": false,
      "locked": {
        "lastModified": 1696426674,
        "narHash": "sha256-kvjfFW7WAETZlt09AgDn1MrtKzP7t90Vf7vypd3OL1U=",
        "owner": "edolstra",
        "repo": "flake-compat",
        "rev": "0f9255e01c2351cc7d116c072cb317785dd33b33",
        "type": "github"
      },
      "original": {
        "owner": "edolstra",
        "repo": "flake-compat",
        "type": "github"
      }
    },
    "flake-parts": {
      "inputs": {
        "nixpkgs-lib": [
          "nixpkgs"
        ]
      },
      "locked": {
        "lastModified": 1741352980,
        "narHash": "sha256-+u2UunDA4Cl5Fci3m7S643HzKmIDAe+fiXrLqYsR2fs=",
        "owner": "hercules-ci",
        "repo": "flake-parts",
        "rev": "f4330d22f1c5d2ba72d3d22df5597d123fdb60a9",
        "type": "github"
      },
      "original": {
        "owner": "hercules-ci",
        "repo": "flake-parts",
        "type": "github"
      }
    },
    "flake-root": {
      "locked": {
        "lastModified": 1723604017,
        "narHash": "sha256-rBtQ8gg+Dn4Sx/s+pvjdq3CB2wQNzx9XGFq/JVGCB6k=",
        "owner": "srid",
        "repo": "flake-root",
        "rev": "b759a56851e10cb13f6b8e5698af7b59c44be26e",
        "type": "github"
      },
      "original": {
        "owner": "srid",
        "repo": "flake-root",
        "type": "github"
      }
    },
    "gitignore": {
      "inputs": {
        "nixpkgs": [
          "pre-commit-hooks-nix",
          "nixpkgs"
        ]
      },
      "locked": {
        "lastModified": 1709087332,
        "narHash": "sha256-HG2cCnktfHsKV0s4XW83gU3F57gaTljL9KNSuG6bnQs=",
        "owner": "hercules-ci",
        "repo": "gitignore.nix",
        "rev": "637db329424fd7e46cf4185293b9cc8c88c95394",
        "type": "github"
      },
      "original": {
        "owner": "hercules-ci",
        "repo": "gitignore.nix",
        "type": "github"
      }
    },
    "nixpkgs": {
      "locked": {
        "lastModified": 1741379970,
        "narHash": "sha256-Wh7esNh7G24qYleLvgOSY/7HlDUzWaL/n4qzlBePpiw=",
        "owner": "NixOS",
        "repo": "nixpkgs",
        "rev": "36fd87baa9083f34f7f5027900b62ee6d09b1f2f",
        "type": "github"
      },
      "original": {
        "id": "nixpkgs",
        "ref": "nixos-unstable",
        "type": "indirect"
      }
    },
    "pre-commit-hooks-nix": {
      "inputs": {
        "flake-compat": "flake-compat",
        "gitignore": "gitignore",
        "nixpkgs": [
          "nixpkgs"
        ]
      },
      "locked": {
        "lastModified": 1741379162,
        "narHash": "sha256-srpAbmJapkaqGRE3ytf3bj4XshspVR5964OX5LfjDWc=",
        "owner": "cachix",
        "repo": "pre-commit-hooks.nix",
        "rev": "b5a62751225b2f62ff3147d0a334055ebadcd5cc",
        "type": "github"
      },
      "original": {
        "owner": "cachix",
        "repo": "pre-commit-hooks.nix",
        "type": "github"
      }
    },
    "root": {
      "inputs": {
        "crane": "crane",
        "devshell": "devshell",
        "flake-parts": "flake-parts",
        "flake-root": "flake-root",
        "nixpkgs": "nixpkgs",
        "pre-commit-hooks-nix": "pre-commit-hooks-nix",
        "treefmt-nix": "treefmt-nix"
      }
    },
    "treefmt-nix": {
      "inputs": {
        "nixpkgs": [
          "nixpkgs"
        ]
      },
      "locked": {
        "lastModified": 1739829690,
        "narHash": "sha256-mL1szCeIsjh6Khn3nH2cYtwO5YXG6gBiTw1A30iGeDU=",
        "owner": "numtide",
        "repo": "treefmt-nix",
        "rev": "3d0579f5cc93436052d94b73925b48973a104204",
        "type": "github"
      },
      "original": {
        "owner": "numtide",
        "repo": "treefmt-nix",
        "type": "github"
      }
    }
  },
  "root": "root",
  "version": 7
}
